// !$*UTF8*$!
{
	archiveVersion = 1;
	classes = {
	};
	objectVersion = 55;
	objects = {

/* Begin PBXBuildFile section */
		633FE02D28DD88A20062D334 /* Header.swift in Sources */ = {isa = PBXBuildFile; fileRef = 633FE02C28DD88A20062D334 /* Header.swift */; };
		635631EC28D44E9100640A5C /* Model.swift in Sources */ = {isa = PBXBuildFile; fileRef = 635631EB28D44E9100640A5C /* Model.swift */; };
		635631EE28D4543B00640A5C /* NewPlaceViewController.swift in Sources */ = {isa = PBXBuildFile; fileRef = 635631ED28D4543B00640A5C /* NewPlaceViewController.swift */; };
		63911E8E28E7F93B009B0CB9 /* Realm in Frameworks */ = {isa = PBXBuildFile; productRef = 63911E8D28E7F93B009B0CB9 /* Realm */; };
		63911E9028E7F93B009B0CB9 /* RealmSwift in Frameworks */ = {isa = PBXBuildFile; productRef = 63911E8F28E7F93B009B0CB9 /* RealmSwift */; };
		63911E9228E7FD5B009B0CB9 /* StorageManager.swift in Sources */ = {isa = PBXBuildFile; fileRef = 63911E9128E7FD5B009B0CB9 /* StorageManager.swift */; };
		63B6909B28CF186700305118 /* AppDelegate.swift in Sources */ = {isa = PBXBuildFile; fileRef = 63B6909A28CF186700305118 /* AppDelegate.swift */; };
		63B6909D28CF186700305118 /* SceneDelegate.swift in Sources */ = {isa = PBXBuildFile; fileRef = 63B6909C28CF186700305118 /* SceneDelegate.swift */; };
		63B6909F28CF186700305118 /* ViewController.swift in Sources */ = {isa = PBXBuildFile; fileRef = 63B6909E28CF186700305118 /* ViewController.swift */; };
		63B690A428CF186900305118 /* Assets.xcassets in Resources */ = {isa = PBXBuildFile; fileRef = 63B690A328CF186900305118 /* Assets.xcassets */; };
		63B690B328CF20BD00305118 /* TableViewCell.swift in Sources */ = {isa = PBXBuildFile; fileRef = 63B690B228CF20BD00305118 /* TableViewCell.swift */; };
		63B690B528CF210D00305118 /* CommonExtensions.swift in Sources */ = {isa = PBXBuildFile; fileRef = 63B690B428CF210D00305118 /* CommonExtensions.swift */; };
		63C22790293779930029B7C8 /* RatingControll.swift in Sources */ = {isa = PBXBuildFile; fileRef = 63C2278F293779930029B7C8 /* RatingControll.swift */; };
		63C2279229377D280029B7C8 /* RatingViewCell.swift in Sources */ = {isa = PBXBuildFile; fileRef = 63C2279129377D280029B7C8 /* RatingViewCell.swift */; };
		63F9924928D5AB3F006A60EE /* NewPlaceTableViewCell.swift in Sources */ = {isa = PBXBuildFile; fileRef = 63F9924828D5AB3F006A60EE /* NewPlaceTableViewCell.swift */; };
/* End PBXBuildFile section */

/* Begin PBXFileReference section */
		633FE02C28DD88A20062D334 /* Header.swift */ = {isa = PBXFileReference; lastKnownFileType = sourcecode.swift; path = Header.swift; sourceTree = "<group>"; };
		635631EB28D44E9100640A5C /* Model.swift */ = {isa = PBXFileReference; lastKnownFileType = sourcecode.swift; path = Model.swift; sourceTree = "<group>"; };
		635631ED28D4543B00640A5C /* NewPlaceViewController.swift */ = {isa = PBXFileReference; lastKnownFileType = sourcecode.swift; path = NewPlaceViewController.swift; sourceTree = "<group>"; };
		63911E9128E7FD5B009B0CB9 /* StorageManager.swift */ = {isa = PBXFileReference; lastKnownFileType = sourcecode.swift; path = StorageManager.swift; sourceTree = "<group>"; };
		63B6909728CF186700305118 /* MYLIST.app */ = {isa = PBXFileReference; explicitFileType = wrapper.application; includeInIndex = 0; path = MYLIST.app; sourceTree = BUILT_PRODUCTS_DIR; };
		63B6909A28CF186700305118 /* AppDelegate.swift */ = {isa = PBXFileReference; lastKnownFileType = sourcecode.swift; path = AppDelegate.swift; sourceTree = "<group>"; };
		63B6909C28CF186700305118 /* SceneDelegate.swift */ = {isa = PBXFileReference; lastKnownFileType = sourcecode.swift; path = SceneDelegate.swift; sourceTree = "<group>"; };
		63B6909E28CF186700305118 /* ViewController.swift */ = {isa = PBXFileReference; lastKnownFileType = sourcecode.swift; path = ViewController.swift; sourceTree = "<group>"; };
		63B690A328CF186900305118 /* Assets.xcassets */ = {isa = PBXFileReference; lastKnownFileType = folder.assetcatalog; path = Assets.xcassets; sourceTree = "<group>"; };
		63B690A828CF186900305118 /* Info.plist */ = {isa = PBXFileReference; lastKnownFileType = text.plist.xml; path = Info.plist; sourceTree = "<group>"; };
		63B690B228CF20BD00305118 /* TableViewCell.swift */ = {isa = PBXFileReference; lastKnownFileType = sourcecode.swift; path = TableViewCell.swift; sourceTree = "<group>"; };
		63B690B428CF210D00305118 /* CommonExtensions.swift */ = {isa = PBXFileReference; lastKnownFileType = sourcecode.swift; path = CommonExtensions.swift; sourceTree = "<group>"; };
		63C2278F293779930029B7C8 /* RatingControll.swift */ = {isa = PBXFileReference; lastKnownFileType = sourcecode.swift; path = RatingControll.swift; sourceTree = "<group>"; };
		63C2279129377D280029B7C8 /* RatingViewCell.swift */ = {isa = PBXFileReference; lastKnownFileType = sourcecode.swift; path = RatingViewCell.swift; sourceTree = "<group>"; };
		63F9924828D5AB3F006A60EE /* NewPlaceTableViewCell.swift */ = {isa = PBXFileReference; lastKnownFileType = sourcecode.swift; path = NewPlaceTableViewCell.swift; sourceTree = "<group>"; };
/* End PBXFileReference section */

/* Begin PBXFrameworksBuildPhase section */
		63B6909428CF186700305118 /* Frameworks */ = {
			isa = PBXFrameworksBuildPhase;
			buildActionMask = 2147483647;
			files = (
				63911E9028E7F93B009B0CB9 /* RealmSwift in Frameworks */,
				63911E8E28E7F93B009B0CB9 /* Realm in Frameworks */,
			);
			runOnlyForDeploymentPostprocessing = 0;
		};
/* End PBXFrameworksBuildPhase section */

/* Begin PBXGroup section */
		63B6908E28CF186700305118 = {
			isa = PBXGroup;
			children = (
				63B6909928CF186700305118 /* MYLIST */,
				63B6909828CF186700305118 /* Products */,
			);
			sourceTree = "<group>";
		};
		63B6909828CF186700305118 /* Products */ = {
			isa = PBXGroup;
			children = (
				63B6909728CF186700305118 /* MYLIST.app */,
			);
			name = Products;
			sourceTree = "<group>";
		};
		63B6909928CF186700305118 /* MYLIST */ = {
			isa = PBXGroup;
			children = (
				63B6909A28CF186700305118 /* AppDelegate.swift */,
				63B6909C28CF186700305118 /* SceneDelegate.swift */,
				63F9924528D5AACD006A60EE /* Main */,
				63F9924628D5AAEC006A60EE /* Common */,
				63F9924728D5AB14006A60EE /* NewPlace */,
				63B690A328CF186900305118 /* Assets.xcassets */,
				63B690A828CF186900305118 /* Info.plist */,
			);
			path = MYLIST;
			sourceTree = "<group>";
		};
		63F9924528D5AACD006A60EE /* Main */ = {
			isa = PBXGroup;
			children = (
				63B690B228CF20BD00305118 /* TableViewCell.swift */,
				63B6909E28CF186700305118 /* ViewController.swift */,
			);
			path = Main;
			sourceTree = "<group>";
		};
		63F9924628D5AAEC006A60EE /* Common */ = {
			isa = PBXGroup;
			children = (
				63B690B428CF210D00305118 /* CommonExtensions.swift */,
				635631EB28D44E9100640A5C /* Model.swift */,
				63911E9128E7FD5B009B0CB9 /* StorageManager.swift */,
			);
			path = Common;
			sourceTree = "<group>";
		};
		63F9924728D5AB14006A60EE /* NewPlace */ = {
			isa = PBXGroup;
			children = (
				635631ED28D4543B00640A5C /* NewPlaceViewController.swift */,
				63C2279129377D280029B7C8 /* RatingViewCell.swift */,
				633FE02C28DD88A20062D334 /* Header.swift */,
				63F9924828D5AB3F006A60EE /* NewPlaceTableViewCell.swift */,
				63C2278F293779930029B7C8 /* RatingControll.swift */,
			);
			path = NewPlace;
			sourceTree = "<group>";
		};
/* End PBXGroup section */

/* Begin PBXNativeTarget section */
		63B6909628CF186700305118 /* MYLIST */ = {
			isa = PBXNativeTarget;
			buildConfigurationList = 63B690AB28CF186900305118 /* Build configuration list for PBXNativeTarget "MYLIST" */;
			buildPhases = (
				63B6909328CF186700305118 /* Sources */,
				63B6909428CF186700305118 /* Frameworks */,
				63B6909528CF186700305118 /* Resources */,
			);
			buildRules = (
			);
			dependencies = (
			);
			name = MYLIST;
			packageProductDependencies = (
				63911E8D28E7F93B009B0CB9 /* Realm */,
				63911E8F28E7F93B009B0CB9 /* RealmSwift */,
			);
			productName = MYLIST;
			productReference = 63B6909728CF186700305118 /* MYLIST.app */;
			productType = "com.apple.product-type.application";
		};
/* End PBXNativeTarget section */

/* Begin PBXProject section */
		63B6908F28CF186700305118 /* Project object */ = {
			isa = PBXProject;
			attributes = {
				BuildIndependentTargetsInParallel = 1;
				LastSwiftUpdateCheck = 1340;
				LastUpgradeCheck = 1340;
				TargetAttributes = {
					63B6909628CF186700305118 = {
						CreatedOnToolsVersion = 13.4.1;
					};
				};
			};
			buildConfigurationList = 63B6909228CF186700305118 /* Build configuration list for PBXProject "MYLIST" */;
			compatibilityVersion = "Xcode 13.0";
			developmentRegion = en;
			hasScannedForEncodings = 0;
			knownRegions = (
				en,
				Base,
			);
			mainGroup = 63B6908E28CF186700305118;
			packageReferences = (
				63911E8C28E7F93B009B0CB9 /* XCRemoteSwiftPackageReference "realm-swift" */,
			);
			productRefGroup = 63B6909828CF186700305118 /* Products */;
			projectDirPath = "";
			projectRoot = "";
			targets = (
				63B6909628CF186700305118 /* MYLIST */,
			);
		};
/* End PBXProject section */

/* Begin PBXResourcesBuildPhase section */
		63B6909528CF186700305118 /* Resources */ = {
			isa = PBXResourcesBuildPhase;
			buildActionMask = 2147483647;
			files = (
				63B690A428CF186900305118 /* Assets.xcassets in Resources */,
			);
			runOnlyForDeploymentPostprocessing = 0;
		};
/* End PBXResourcesBuildPhase section */

/* Begin PBXSourcesBuildPhase section */
		63B6909328CF186700305118 /* Sources */ = {
			isa = PBXSourcesBuildPhase;
			buildActionMask = 2147483647;
			files = (
				63F9924928D5AB3F006A60EE /* NewPlaceTableViewCell.swift in Sources */,
				63C2279229377D280029B7C8 /* RatingViewCell.swift in Sources */,
				633FE02D28DD88A20062D334 /* Header.swift in Sources */,
				63B690B528CF210D00305118 /* CommonExtensions.swift in Sources */,
				63B6909F28CF186700305118 /* ViewController.swift in Sources */,
				63B690B328CF20BD00305118 /* TableViewCell.swift in Sources */,
				635631EC28D44E9100640A5C /* Model.swift in Sources */,
				63C22790293779930029B7C8 /* RatingControll.swift in Sources */,
				635631EE28D4543B00640A5C /* NewPlaceViewController.swift in Sources */,
				63911E9228E7FD5B009B0CB9 /* StorageManager.swift in Sources */,
				63B6909B28CF186700305118 /* AppDelegate.swift in Sources */,
				63B6909D28CF186700305118 /* SceneDelegate.swift in Sources */,
			);
			runOnlyForDeploymentPostprocessing = 0;
		};
/* End PBXSourcesBuildPhase section */

/* Begin XCBuildConfiguration section */
		63B690A928CF186900305118 /* Debug */ = {
			isa = XCBuildConfiguration;
			buildSettings = {
				ALWAYS_SEARCH_USER_PATHS = NO;
				CLANG_ANALYZER_NONNULL = YES;
				CLANG_ANALYZER_NUMBER_OBJECT_CONVERSION = YES_AGGRESSIVE;
				CLANG_CXX_LANGUAGE_STANDARD = "gnu++17";
				CLANG_ENABLE_MODULES = YES;
				CLANG_ENABLE_OBJC_ARC = YES;
				CLANG_ENABLE_OBJC_WEAK = YES;
				CLANG_WARN_BLOCK_CAPTURE_AUTORELEASING = YES;
				CLANG_WARN_BOOL_CONVERSION = YES;
				CLANG_WARN_COMMA = YES;
				CLANG_WARN_CONSTANT_CONVERSION = YES;
				CLANG_WARN_DEPRECATED_OBJC_IMPLEMENTATIONS = YES;
				CLANG_WARN_DIRECT_OBJC_ISA_USAGE = YES_ERROR;
				CLANG_WARN_DOCUMENTATION_COMMENTS = YES;
				CLANG_WARN_EMPTY_BODY = YES;
				CLANG_WARN_ENUM_CONVERSION = YES;
				CLANG_WARN_INFINITE_RECURSION = YES;
				CLANG_WARN_INT_CONVERSION = YES;
				CLANG_WARN_NON_LITERAL_NULL_CONVERSION = YES;
				CLANG_WARN_OBJC_IMPLICIT_RETAIN_SELF = YES;
				CLANG_WARN_OBJC_LITERAL_CONVERSION = YES;
				CLANG_WARN_OBJC_ROOT_CLASS = YES_ERROR;
				CLANG_WARN_QUOTED_INCLUDE_IN_FRAMEWORK_HEADER = YES;
				CLANG_WARN_RANGE_LOOP_ANALYSIS = YES;
				CLANG_WARN_STRICT_PROTOTYPES = YES;
				CLANG_WARN_SUSPICIOUS_MOVE = YES;
				CLANG_WARN_UNGUARDED_AVAILABILITY = YES_AGGRESSIVE;
				CLANG_WARN_UNREACHABLE_CODE = YES;
				CLANG_WARN__DUPLICATE_METHOD_MATCH = YES;
				COPY_PHASE_STRIP = NO;
				DEBUG_INFORMATION_FORMAT = dwarf;
				ENABLE_STRICT_OBJC_MSGSEND = YES;
				ENABLE_TESTABILITY = YES;
				GCC_C_LANGUAGE_STANDARD = gnu11;
				GCC_DYNAMIC_NO_PIC = NO;
				GCC_NO_COMMON_BLOCKS = YES;
				GCC_OPTIMIZATION_LEVEL = 0;
				GCC_PREPROCESSOR_DEFINITIONS = (
					"DEBUG=1",
					"$(inherited)",
				);
				GCC_WARN_64_TO_32_BIT_CONVERSION = YES;
				GCC_WARN_ABOUT_RETURN_TYPE = YES_ERROR;
				GCC_WARN_UNDECLARED_SELECTOR = YES;
				GCC_WARN_UNINITIALIZED_AUTOS = YES_AGGRESSIVE;
				GCC_WARN_UNUSED_FUNCTION = YES;
				GCC_WARN_UNUSED_VARIABLE = YES;
				IPHONEOS_DEPLOYMENT_TARGET = 15.5;
				MTL_ENABLE_DEBUG_INFO = INCLUDE_SOURCE;
				MTL_FAST_MATH = YES;
				ONLY_ACTIVE_ARCH = YES;
				SDKROOT = iphoneos;
				SWIFT_ACTIVE_COMPILATION_CONDITIONS = DEBUG;
				SWIFT_OPTIMIZATION_LEVEL = "-Onone";
			};
			name = Debug;
		};
		63B690AA28CF186900305118 /* Release */ = {
			isa = XCBuildConfiguration;
			buildSettings = {
				ALWAYS_SEARCH_USER_PATHS = NO;
				CLANG_ANALYZER_NONNULL = YES;
				CLANG_ANALYZER_NUMBER_OBJECT_CONVERSION = YES_AGGRESSIVE;
				CLANG_CXX_LANGUAGE_STANDARD = "gnu++17";
				CLANG_ENABLE_MODULES = YES;
				CLANG_ENABLE_OBJC_ARC = YES;
				CLANG_ENABLE_OBJC_WEAK = YES;
				CLANG_WARN_BLOCK_CAPTURE_AUTORELEASING = YES;
				CLANG_WARN_BOOL_CONVERSION = YES;
				CLANG_WARN_COMMA = YES;
				CLANG_WARN_CONSTANT_CONVERSION = YES;
				CLANG_WARN_DEPRECATED_OBJC_IMPLEMENTATIONS = YES;
				CLANG_WARN_DIRECT_OBJC_ISA_USAGE = YES_ERROR;
				CLANG_WARN_DOCUMENTATION_COMMENTS = YES;
				CLANG_WARN_EMPTY_BODY = YES;
				CLANG_WARN_ENUM_CONVERSION = YES;
				CLANG_WARN_INFINITE_RECURSION = YES;
				CLANG_WARN_INT_CONVERSION = YES;
				CLANG_WARN_NON_LITERAL_NULL_CONVERSION = YES;
				CLANG_WARN_OBJC_IMPLICIT_RETAIN_SELF = YES;
				CLANG_WARN_OBJC_LITERAL_CONVERSION = YES;
				CLANG_WARN_OBJC_ROOT_CLASS = YES_ERROR;
				CLANG_WARN_QUOTED_INCLUDE_IN_FRAMEWORK_HEADER = YES;
				CLANG_WARN_RANGE_LOOP_ANALYSIS = YES;
				CLANG_WARN_STRICT_PROTOTYPES = YES;
				CLANG_WARN_SUSPICIOUS_MOVE = YES;
				CLANG_WARN_UNGUARDED_AVAILABILITY = YES_AGGRESSIVE;
				CLANG_WARN_UNREACHABLE_CODE = YES;
				CLANG_WARN__DUPLICATE_METHOD_MATCH = YES;
				COPY_PHASE_STRIP = NO;
				DEBUG_INFORMATION_FORMAT = "dwarf-with-dsym";
				ENABLE_NS_ASSERTIONS = NO;
				ENABLE_STRICT_OBJC_MSGSEND = YES;
				GCC_C_LANGUAGE_STANDARD = gnu11;
				GCC_NO_COMMON_BLOCKS = YES;
				GCC_WARN_64_TO_32_BIT_CONVERSION = YES;
				GCC_WARN_ABOUT_RETURN_TYPE = YES_ERROR;
				GCC_WARN_UNDECLARED_SELECTOR = YES;
				GCC_WARN_UNINITIALIZED_AUTOS = YES_AGGRESSIVE;
				GCC_WARN_UNUSED_FUNCTION = YES;
				GCC_WARN_UNUSED_VARIABLE = YES;
				IPHONEOS_DEPLOYMENT_TARGET = 15.5;
				MTL_ENABLE_DEBUG_INFO = NO;
				MTL_FAST_MATH = YES;
				SDKROOT = iphoneos;
				SWIFT_COMPILATION_MODE = wholemodule;
				SWIFT_OPTIMIZATION_LEVEL = "-O";
				VALIDATE_PRODUCT = YES;
			};
			name = Release;
		};
		63B690AC28CF186900305118 /* Debug */ = {
			isa = XCBuildConfiguration;
			buildSettings = {
				ASSETCATALOG_COMPILER_APPICON_NAME = AppIcon;
				ASSETCATALOG_COMPILER_GLOBAL_ACCENT_COLOR_NAME = AccentColor;
				CODE_SIGN_STYLE = Automatic;
				CURRENT_PROJECT_VERSION = 1;
				DEVELOPMENT_TEAM = K38NVY9D5B;
				GENERATE_INFOPLIST_FILE = YES;
				INFOPLIST_FILE = MYLIST/Info.plist;
				INFOPLIST_KEY_UIApplicationSupportsIndirectInputEvents = YES;
				INFOPLIST_KEY_UILaunchStoryboardName = LaunchScreen;
				INFOPLIST_KEY_UISupportedInterfaceOrientations_iPad = "UIInterfaceOrientationPortrait UIInterfaceOrientationPortraitUpsideDown UIInterfaceOrientationLandscapeLeft UIInterfaceOrientationLandscapeRight";
				INFOPLIST_KEY_UISupportedInterfaceOrientations_iPhone = "UIInterfaceOrientationPortrait UIInterfaceOrientationLandscapeLeft UIInterfaceOrientationLandscapeRight";
				LD_RUNPATH_SEARCH_PATHS = (
					"$(inherited)",
					"@executable_path/Frameworks",
				);
				MARKETING_VERSION = 1.0;
				PRODUCT_BUNDLE_IDENTIFIER = MarkPushkar.MYLIST;
				PRODUCT_NAME = "$(TARGET_NAME)";
				SWIFT_EMIT_LOC_STRINGS = YES;
				SWIFT_VERSION = 5.0;
				TARGETED_DEVICE_FAMILY = "1,2";
			};
			name = Debug;
		};
		63B690AD28CF186900305118 /* Release */ = {
			isa = XCBuildConfiguration;
			buildSettings = {
				ASSETCATALOG_COMPILER_APPICON_NAME = AppIcon;
				ASSETCATALOG_COMPILER_GLOBAL_ACCENT_COLOR_NAME = AccentColor;
				CODE_SIGN_STYLE = Automatic;
				CURRENT_PROJECT_VERSION = 1;
				DEVELOPMENT_TEAM = K38NVY9D5B;
				GENERATE_INFOPLIST_FILE = YES;
				INFOPLIST_FILE = MYLIST/Info.plist;
				INFOPLIST_KEY_UIApplicationSupportsIndirectInputEvents = YES;
				INFOPLIST_KEY_UILaunchStoryboardName = LaunchScreen;
				INFOPLIST_KEY_UISupportedInterfaceOrientations_iPad = "UIInterfaceOrientationPortrait UIInterfaceOrientationPortraitUpsideDown UIInterfaceOrientationLandscapeLeft UIInterfaceOrientationLandscapeRight";
				INFOPLIST_KEY_UISupportedInterfaceOrientations_iPhone = "UIInterfaceOrientationPortrait UIInterfaceOrientationLandscapeLeft UIInterfaceOrientationLandscapeRight";
				LD_RUNPATH_SEARCH_PATHS = (
					"$(inherited)",
					"@executable_path/Frameworks",
				);
				MARKETING_VERSION = 1.0;
				PRODUCT_BUNDLE_IDENTIFIER = MarkPushkar.MYLIST;
				PRODUCT_NAME = "$(TARGET_NAME)";
				SWIFT_EMIT_LOC_STRINGS = YES;
				SWIFT_VERSION = 5.0;
				TARGETED_DEVICE_FAMILY = "1,2";
			};
			name = Release;
		};
/* End XCBuildConfiguration section */

/* Begin XCConfigurationList section */
		63B6909228CF186700305118 /* Build configuration list for PBXProject "MYLIST" */ = {
			isa = XCConfigurationList;
			buildConfigurations = (
				63B690A928CF186900305118 /* Debug */,
				63B690AA28CF186900305118 /* Release */,
			);
			defaultConfigurationIsVisible = 0;
			defaultConfigurationName = Release;
		};
		63B690AB28CF186900305118 /* Build configuration list for PBXNativeTarget "MYLIST" */ = {
			isa = XCConfigurationList;
			buildConfigurations = (
				63B690AC28CF186900305118 /* Debug */,
				63B690AD28CF186900305118 /* Release */,
			);
			defaultConfigurationIsVisible = 0;
			defaultConfigurationName = Release;
		};
/* End XCConfigurationList section */

/* Begin XCRemoteSwiftPackageReference section */
		63911E8C28E7F93B009B0CB9 /* XCRemoteSwiftPackageReference "realm-swift" */ = {
			isa = XCRemoteSwiftPackageReference;
			repositoryURL = "https://github.com/realm/realm-swift.git";
			requirement = {
				kind = upToNextMajorVersion;
				minimumVersion = 10.30.0;
			};
		};
/* End XCRemoteSwiftPackageReference section */

/* Begin XCSwiftPackageProductDependency section */
		63911E8D28E7F93B009B0CB9 /* Realm */ = {
			isa = XCSwiftPackageProductDependency;
			package = 63911E8C28E7F93B009B0CB9 /* XCRemoteSwiftPackageReference "realm-swift" */;
			productName = Realm;
		};
		63911E8F28E7F93B009B0CB9 /* RealmSwift */ = {
			isa = XCSwiftPackageProductDependency;
			package = 63911E8C28E7F93B009B0CB9 /* XCRemoteSwiftPackageReference "realm-swift" */;
			productName = RealmSwift;
		};
/* End XCSwiftPackageProductDependency section */
	};
	rootObject = 63B6908F28CF186700305118 /* Project object */;
}
